lockfileVersion: '9.0'

settings:
  autoInstallPeers: true
  excludeLinksFromLockfile: false

importers:

  .:
    dependencies:
      ai:
        specifier: ^7.0.79
        version: 7.0.79(zod@4.4.3)
      zod:
        specifier: ^4.4.3
        version: 4.4.3
    devDependencies:
      typescript:
        specifier: ^5
        version: 5.9.3

packages:

  '@ai-sdk/gateway@4.0.64':
    resolution: {integrity: sha512-iayK1z11I0b3sgbP3j6eKQypfpwO5Fbtaq1Mkwv7YxwGQG1YTNr5QAjyYsSfqyf/58WUOLWz2cTBpk+ExZVgpw==}
    engines: {node: '>=22'}
    peerDependencies:
      zod: ^3.25.76 || ^4.1.8

  '@ai-sdk/provider-utils@5.0.30':
    resolution: {integrity: sha512-9TyxUXolql77ntHIeygLqt7PO1O0HZPB73cJhLG2OsPecSBRIZhNXLxT1T7rlL6Zpm1eDoLMFrMV99kAJ28/Sg==}
    engines: {node: '>=22'}
    peerDependencies:
      zod: ^3.25.76 || ^4.1.8

  '@ai-sdk/provider@4.0.8':
    resolution: {integrity: sha512-aWO7iwhFUGf347tCwNGggggfmZigaSu7TF739IZSrWWABUp7zkb4Cr3fMqvBe5EIS7ABJJu3Cadn0g/zs1G0QQ==}
    engines: {node: '>=22'}

  '@standard-schema/spec@1.1.0':
    resolution: {integrity: sha512-l2aFy5jALhniG5HgqrD6jXLi/rUWrKvqN/qJx6yoJsgKhblVd+iqqU4RCXavm/jPityDo5TCvKMnpjKnOriy0w==}

  '@vercel/oidc@3.2.0':
    resolution: {integrity: sha512-UycprH3T6n3jH0k44NHMa7pnFHGu/N05MjojYr+Mc6I7obkoLIJujSWwin1pCvdy/eOxrI/l3uDLQsmcrOb4ug==}
    engines: {node: '>= 20'}

  '@workflow/serde@4.1.0':
    resolution: {integrity: sha512-pav4F2BoirECWR7Nf1TKt+2eETcBj7jj4cBefQ8VXQCA6NPkaKeLfj/zMgi+3zYV5ZIBT4GuUiphsj0/b9hPQQ==}

  ai@7.0.79:
    resolution: {integrity: sha512-zZkSUq6MgmXjwIfML2wkPFeQ5Azk8kGEWkciAtE0NgnFy3slj4ljsw5LvigsCbYXxTSVr+6iCHBTPZafpx1P0w==}
    engines: {node: '>=22'}
    peerDependencies:
      zod: ^3.25.76 || ^4.1.8

  eventsource-parser@3.1.1:
    resolution: {integrity: sha512-EKN1vKAMcZ8MlYMpaNuxN6R9yakzH6uajHcHVTqWJzvu5pWw9DyhbP35HH8MVBQ+dZjAfDxk+A8NiR9KWaXiyQ==}
    engines: {node: '>=18.0.0'}

  json-schema@0.4.0:
    resolution: {integrity: sha512-es94M3nTIfsEPisRafak+HDLfHXnKBhV3vU5eqPcS3flIWqcxJWgXHXiey3YrpaNsanY5ei1VoYEbOzijuq9BA==}

  typescript@5.9.3:
    resolution: {integrity: sha512-jl1vZzPDinLr9eUt3J/t7V6FgNEw9QjvBPdysz9KfQDD41fQrC2Y4vKQdiaUpFT4bXlb1RHhLpp8wtm6M5TgSw==}
    engines: {node: '>=14.17'}
    hasBin: true

  undici@7.29.0:
    resolution: {integrity: sha512-IDxfleLmmbSskfWSUATiN1nfn2rDuvnMOqb5CWR92iIfojA0Ud+ulOAAEQ57LPr9rWmsreUyf5lwyao+7GNNVw==}
    engines: {node: '>=20.18.1'}

  zod@4.4.3:
    resolution: {integrity: sha512-ytENFjIJFl2UwYglde2jchW2Hwm4GJFLDiSXWdTrJQBIN9Fcyp7n4DhxJEiWNAJMV1/BqWfW/kkg71UDcHJyTQ==}

snapshots:

  '@ai-sdk/gateway@4.0.64(zod@4.4.3)':
    dependencies:
      '@ai-sdk/provider': 4.0.8
      '@ai-sdk/provider-utils': 5.0.30(zod@4.4.3)
      '@vercel/oidc': 3.2.0
      zod: 4.4.3

  '@ai-sdk/provider-utils@5.0.30(zod@4.4.3)':
    dependencies:
      '@ai-sdk/provider': 4.0.8
      '@standard-schema/spec': 1.1.0
      '@workflow/serde': 4.1.0
      eventsource-parser: 3.1.1
      undici: 7.29.0
      zod: 4.4.3

  '@ai-sdk/provider@4.0.8':
    dependencies:
      json-schema: 0.4.0

  '@standard-schema/spec@1.1.0': {}

  '@vercel/oidc@3.2.0': {}

  '@workflow/serde@4.1.0': {}

  ai@7.0.79(zod@4.4.3):
    dependencies:
      '@ai-sdk/gateway': 4.0.64(zod@4.4.3)
      '@ai-sdk/provider': 4.0.8
      '@ai-sdk/provider-utils': 5.0.30(zod@4.4.3)
      zod: 4.4.3

  eventsource-parser@3.1.1: {}

  json-schema@0.4.0: {}

  typescript@5.9.3: {}

  undici@7.29.0: {}

  zod@4.4.3: {}
